# This file is automatically @generated by Poetry 1.8.3 and should not be changed by hand.

[[package]]
name = "appdirs"
version = "1.4.4"
description = "A small Python module for determining appropriate platform-specific dirs, e.g. a \"user data dir\"."
optional = false
python-versions = "*"
files = []

[[package]]
name = "astroplan"
version = "0.10"
description = "Observation planning package for astronomers"
optional = false
python-versions = "*"
files = []

[[package]]
name = "astropy"
version = "6.1.1"
description = "Astronomy and astrophysics core library"
optional = false
python-versions = "*"
files = []

[[package]]
name = "black"
version = "22.12.0"
description = "The uncompromising code formatter."
optional = false
python-versions = "*"
files = []

[[package]]
name = "docopt"
version = "0.6.2"
description = "Pythonic argument parser, that will make you smile"
optional = false
python-versions = "*"
files = []

[[package]]
name = "docutils"
version = "0.19"
description = "Docutils -- Python Documentation Utilities"
optional = false
python-versions = "*"
files = []

[[package]]
name = "ducc0"
version = "0.34.0"
description = "Distinctly useful code collection: contains efficient algorithms for Fast Fourier (and related) transforms, spherical harmonic transforms involving very general spherical grids, gridding/degridding tools for radio interferometry, 4pi spherical convolution operators and much more."
optional = false
python-versions = "*"
files = []

[[package]]
name = "flake8"
version = "7.1.0"
description = "the modular source code checker: pep8 pyflakes and co"
optional = false
python-versions = "*"
files = []

[[package]]
name = "h5py"
version = "3.11.0"
description = "Read and write HDF5 files from Python"
optional = false
python-versions = "*"
files = []

[[package]]
name = "isort"
version = "5.13.2"
description = "A Python utility / library to sort Python imports."
optional = false
python-versions = "*"
files = []

[[package]]
name = "jsonschema"
version = "4.23.0"
description = "An implementation of JSON Schema validation for Python"
optional = false
python-versions = "*"
files = []

[[package]]
name = "MarkupSafe"
version = "2.1.5"
description = "Safely add untrusted strings to HTML/XML markup."
optional = false
python-versions = "*"
files = []

[[package]]
name = "mock"
version = "5.1.0"
description = "Rolling backport of unittest.mock for all Pythons"
optional = false
python-versions = "*"
files = []

[[package]]
name = "msgpack"
version = "1.0.8"
description = "MessagePack serializer"
optional = false
python-versions = "*"
files = []

[[package]]
name = "msgpack-numpy"
version = "0.4.8"
description = "Numpy data serialization using msgpack"
optional = false
python-versions = "*"
files = []

[[package]]
name = "nbmake"
version = "1.5.4"
description = "Pytest plugin for testing notebooks"
optional = false
python-versions = "*"
files = []

[[package]]
name = "nbqa"
version = "1.8.5"
description = "Run any standard Python code quality tool on a Jupyter Notebook"
optional = false
python-versions = "*"
files = []

[[package]]
name = "numpy"
version = "1.26.4"
description = "Fundamental package for array computing in Python"
optional = false
python-versions = "*"
files = []

[[package]]
name = "pandas"
version = "2.2.2"
description = "Powerful data structures for data analysis, time series, and statistics"
optional = false
python-versions = "*"
files = []

[[package]]
name = "pipdeptree"
version = "2.23.0"
description = "Command line utility to show dependency tree of packages."
optional = false
python-versions = "*"
files = []

[[package]]
name = "Pygments"
version = "2.18.0"
description = "Pygments is a syntax highlighting package written in Python."
optional = false
python-versions = "*"
files = []

[[package]]
name = "pylint"
version = "3.2.5"
description = "python code static checker"
optional = false
python-versions = "*"
files = []

[[package]]
name = "pylint-junit"
version = "0.3.4"
description = "pylint reporter for junit format."
optional = false
python-versions = "*"
files = []

[[package]]
name = "pytest"
version = "8.2.2"
description = "pytest: simple powerful testing with Python"
optional = false
python-versions = "*"
files = []

[[package]]
name = "pytest-cov"
version = "5.0.0"
description = "Pytest plugin for measuring coverage."
optional = false
python-versions = "*"
files = []

[[package]]
name = "pytest-json"
version = "0.4.0"
description = "Generate JSON test reports"
optional = false
python-versions = "*"
files = []

[[package]]
name = "pytest-json-report"
version = "1.5.0"
description = "A pytest plugin to report test results as JSON files"
optional = false
python-versions = "*"
files = []

[[package]]
name = "pytest-mock"
version = "3.14.0"
description = "Thin-wrapper around the mock package for easier use with pytest"
optional = false
python-versions = "*"
files = []

[[package]]
name = "pytest-pylint"
version = "0.21.0"
description = "pytest plugin to check source code with pylint"
optional = false
python-versions = "*"
files = []

[[package]]
name = "python-dotenv"
version = "1.0.1"
description = "Read key-value pairs from a .env file and set them as environment variables"
optional = false
python-versions = "*"
files = []

[[package]]
name = "python-gitlab"
version = "3.15.0"
description = "Interact with GitLab API"
optional = false
python-versions = "*"
files = []

[[package]]
name = "PyYAML"
version = "6.0.1"
description = "YAML parser and emitter for Python"
optional = false
python-versions = "*"
files = []

[[package]]
name = "recommonmark"
version = "0.7.1"
description = "A docutils-compatibility bridge to CommonMark, enabling you to write CommonMark inside of Docutils & Sphinx projects."
optional = false
python-versions = "*"
files = []

[[package]]
name = "schema"
version = "0.7.7"
description = "Simple data validation library"
optional = false
python-versions = "*"
files = []

[[package]]
name = "setuptools"
version = "70.3.0"
description = "Easily download, build, install, upgrade, and uninstall Python packages"
optional = false
python-versions = "*"
files = []

[[package]]
name = "ska-sdp-datamodels"
version = "0.3.0"
description = "SKA SDP Python-based Data Models"
optional = false
python-versions = ">=3.10,<4.0"
files = [
    {file = "ska_sdp_datamodels-0.3.0-py3-none-any.whl", hash = "sha256:fe462c310135c911448bca27b39b1a31875d416b0eb2e054a922d23e8ac13037"},
    {file = "ska_sdp_datamodels-0.3.0.tar.gz", hash = "sha256:f7d3a51237e6684cd20e68a1acc410a165e34fa8dc63238650600009e734b2ef"},
]

[package.dependencies]
astroplan = ">=0.10,<0.11"
astropy = ">=6.1,<7.0"
h5py = ">=3.11,<4.0"
msgpack = ">=1.0,<2.0"
msgpack-numpy = ">=0.4,<0.5"
numpy = ">=1.26,<2.0"
pandas = ">=2.2,<3.0"
ska-telmodel = ">=1.17,<2.0"
xarray = ">=2024.6,<2025.0"

[package.extras]
python-casacore = ["python-casacore (>=3.5,<4.0)"]

[package.source]
type = "legacy"
url = "https://artefact.skao.int/repository/pypi-internal/simple"
reference = "skao"

[[package]]
name = "ska-telmodel"
version = "1.18.1"
description = "SKA telescope model library"
optional = false
python-versions = ">=3.10.0,<4.0.0"
files = [
    {file = "ska_telmodel-1.18.1-py3-none-any.whl", hash = "sha256:2b8e75d65b71482e7223211717edd88bbf8f93a1a0345b7d43c79eae86afd341"},
    {file = "ska_telmodel-1.18.1.tar.gz", hash = "sha256:4faa53d696de5f70a451bc9f541af96d0b33320b0a3d918e3ea105e718f6da6b"},
]

[package.dependencies]
appdirs = ">=1.4.4,<2.0.0"
docopt = ">=0.6.2,<0.7.0"
python-gitlab = ">=3.8.0,<4.0.0"
pyyaml = ">=6.0,<7.0"
schema = ">=0.7.5,<0.8.0"
toolz = ">=0.12.0,<0.13.0"

[package.source]
type = "legacy"
url = "https://artefact.skao.int/repository/pypi-internal/simple"
reference = "skao"

[[package]]
name = "Sphinx"
version = "6.2.1"
description = "Python documentation generator"
optional = false
python-versions = "*"
files = []

[[package]]
name = "sphinx-autobuild"
version = "2021.3.14"
description = "Rebuild Sphinx documentation on changes, with live-reload in the browser."
optional = false
python-versions = "*"
files = []

[[package]]
name = "sphinx-rtd-theme"
version = "2.0.0"
description = "Read the Docs theme for Sphinx"
optional = false
python-versions = "*"
files = []

[[package]]
name = "sphinxcontrib-websupport"
version = "1.2.7"
description = "sphinxcontrib-websupport provides a Python API to easily integrate Sphinx documentation into your Web application"
optional = false
python-versions = "*"
files = []

[[package]]
name = "toolz"
version = "0.12.1"
description = "List processing tools and functional utilities"
optional = false
python-versions = "*"
files = []

[[package]]
name = "typer"
version = "0.12.3"
description = "Typer, build great CLIs. Easy to code. Based on Python type hints."
optional = false
python-versions = "*"
files = []

[[package]]
name = "xarray"
version = "2024.6.0"
description = "N-D labeled arrays and datasets in Python"
optional = false
python-versions = "*"
files = []

[[package]]
name = "xradio"
version = "0.0.28"
description = "Xarray Radio Astronomy Data IO"
optional = false
python-versions = "*"
files = []

[metadata]
lock-version = "2.0"
python-versions = "^3.10"
content-hash = "a6665a36633f3ea0410436d0c2232745c3a84853561925813c26bccd5937a411"
